astashov/vim-ruby-debugger (v0.1)
bronson/vim-trailing-whitespace (1.0)
ervandew/supertab (2.0)
frojasg/vim-cucumber (v0.1)
frojasg/vim-ruby (v7.4)
git://github.com/astashov/vim-ruby-debugger.git (v0.1)
git://github.com/frojasg/vim-rspec.git (v0.1)
mattn/gist-vim (7.1)
pangloss/vim-javascript (v0.9.0)
scrooloose/nerdtree (4.2.0)
timcharper/textile.vim (0.3)
tpope/vim-fugitive (v2.0.beta)
tpope/vim-git (v6.0)
tpope/vim-rails (v5.0)
tpope/vim-repeat (v1.1)
tpope/vim-surround (v2.0)
tpope/vim-vividchalk (v2.0)
